
Microsoft Visual Studio Solution File, Format Version 12.00
# Visual Studio Version 17
VisualStudioVersion = 17.14.36518.9 d17.14
MinimumVisualStudioVersion = 10.0.40219.1
Project("{FAE04EC0-301F-11D3-BF4B-00C04F79EFBC}") = "Day03", "Day03.csproj", "{0F3C848A-FE36-4805-A43F-B5F91212F92D}"
EndProject
Global
	GlobalSection(SolutionConfigurationPlatforms) = preSolution
		Debug|Any CPU = Debug|Any CPU
		Release|Any CPU = Release|Any CPU
	EndGlobalSection
	GlobalSection(ProjectConfigurationPlatforms) = postSolution
		{0F3C848A-FE36-4805-A43F-B5F91212F92D}.Debug|Any CPU.ActiveCfg = Debug|Any CPU
		{0F3C848A-FE36-4805-A43F-B5F91212F92D}.Debug|Any CPU.Build.0 = Debug|Any CPU
		{0F3C848A-FE36-4805-A43F-B5F91212F92D}.Release|Any CPU.ActiveCfg = Release|Any CPU
		{0F3C848A-FE36-4805-A43F-B5F91212F92D}.Release|Any CPU.Build.0 = Release|Any CPU
	EndGlobalSection
	GlobalSection(SolutionProperties) = preSolution
		HideSolutionNode = FALSE
	EndGlobalSection
	GlobalSection(ExtensibilityGlobals) = postSolution
		SolutionGuid = {D903AE9E-B074-480C-8BAF-A17AD1CA29BC}
	EndGlobalSection
EndGlobal
