
Microsoft Visual Studio Solution File, Format Version 12.00
# Visual Studio Version 17
VisualStudioVersion = 17.14.36518.9 d17.14
MinimumVisualStudioVersion = 10.0.40219.1
Project("{FAE04EC0-301F-11D3-BF4B-00C04F79EFBC}") = "Day01", "Day01.csproj", "{76620F11-8F78-4D44-B376-F277AA87436A}"
EndProject
Global
	GlobalSection(SolutionConfigurationPlatforms) = preSolution
		Debug|Any CPU = Debug|Any CPU
		Release|Any CPU = Release|Any CPU
	EndGlobalSection
	GlobalSection(ProjectConfigurationPlatforms) = postSolution
		{76620F11-8F78-4D44-B376-F277AA87436A}.Debug|Any CPU.ActiveCfg = Debug|Any CPU
		{76620F11-8F78-4D44-B376-F277AA87436A}.Debug|Any CPU.Build.0 = Debug|Any CPU
		{76620F11-8F78-4D44-B376-F277AA87436A}.Release|Any CPU.ActiveCfg = Release|Any CPU
		{76620F11-8F78-4D44-B376-F277AA87436A}.Release|Any CPU.Build.0 = Release|Any CPU
	EndGlobalSection
	GlobalSection(SolutionProperties) = preSolution
		HideSolutionNode = FALSE
	EndGlobalSection
	GlobalSection(ExtensibilityGlobals) = postSolution
		SolutionGuid = {67184899-093E-4546-A301-B9003A47960F}
	EndGlobalSection
EndGlobal
